// !$*UTF8*$!
{
	archiveVersion = 1;
	classes = {
	};
	objectVersion = 50;
	objects = {

/* Begin PBXBuildFile section */
		6B7BB5942619C6AF0056FB95 /* AppDelegate.swift in Sources */ = {isa = PBXBuildFile; fileRef = 6B7BB5932619C6AF0056FB95 /* AppDelegate.swift */; };
		6B7BB5962619C6AF0056FB95 /* SceneDelegate.swift in Sources */ = {isa = PBXBuildFile; fileRef = 6B7BB5952619C6AF0056FB95 /* SceneDelegate.swift */; };
		6B7BB5982619C6AF0056FB95 /* ViewController.swift in Sources */ = {isa = PBXBuildFile; fileRef = 6B7BB5972619C6AF0056FB95 /* ViewController.swift */; };
		6B7BB59B2619C6AF0056FB95 /* Main.storyboard in Resources */ = {isa = PBXBuildFile; fileRef = 6B7BB5992619C6AF0056FB95 /* Main.storyboard */; };
		6B7BB59D2619C6B20056FB95 /* Assets.xcassets in Resources */ = {isa = PBXBuildFile; fileRef = 6B7BB59C2619C6B20056FB95 /* Assets.xcassets */; };
		6B7BB5A02619C6B20056FB95 /* LaunchScreen.storyboard in Resources */ = {isa = PBXBuildFile; fileRef = 6B7BB59E2619C6B20056FB95 /* LaunchScreen.storyboard */; };
		6B7BB5AB2619C6B20056FB95 /* CICIDTestTests.swift in Sources */ = {isa = PBXBuildFile; fileRef = 6B7BB5AA2619C6B20056FB95 /* CICIDTestTests.swift */; };
		6B7BB5B62619C6B20056FB95 /* CICIDTestUITests.swift in Sources */ = {isa = PBXBuildFile; fileRef = 6B7BB5B52619C6B20056FB95 /* CICIDTestUITests.swift */; };
/* End PBXBuildFile section */

/* Begin PBXContainerItemProxy section */
		6B7BB5A72619C6B20056FB95 /* PBXContainerItemProxy */ = {
			isa = PBXContainerItemProxy;
			containerPortal = 6B7BB5882619C6AF0056FB95 /* Project object */;
			proxyType = 1;
			remoteGlobalIDString = 6B7BB58F2619C6AF0056FB95;
			remoteInfo = CICIDTest;
		};
		6B7BB5B22619C6B20056FB95 /* PBXContainerItemProxy */ = {
			isa = PBXContainerItemProxy;
			containerPortal = 6B7BB5882619C6AF0056FB95 /* Project object */;
			proxyType = 1;
			remoteGlobalIDString = 6B7BB58F2619C6AF0056FB95;
			remoteInfo = CICIDTest;
		};
/* End PBXContainerItemProxy section */

/* Begin PBXFileReference section */
		6B7BB5902619C6AF0056FB95 /* CICIDTest.app */ = {isa = PBXFileReference; explicitFileType = wrapper.application; includeInIndex = 0; path = CICIDTest.app; sourceTree = BUILT_PRODUCTS_DIR; };
		6B7BB5932619C6AF0056FB95 /* AppDelegate.swift */ = {isa = PBXFileReference; lastKnownFileType = sourcecode.swift; path = AppDelegate.swift; sourceTree = "<group>"; };
		6B7BB5952619C6AF0056FB95 /* SceneDelegate.swift */ = {isa = PBXFileReference; lastKnownFileType = sourcecode.swift; path = SceneDelegate.swift; sourceTree = "<group>"; };
		6B7BB5972619C6AF0056FB95 /* ViewController.swift */ = {isa = PBXFileReference; lastKnownFileType = sourcecode.swift; path = ViewController.swift; sourceTree = "<group>"; };
		6B7BB59A2619C6AF0056FB95 /* Base */ = {isa = PBXFileReference; lastKnownFileType = file.storyboard; name = Base; path = Base.lproj/Main.storyboard; sourceTree = "<group>"; };
		6B7BB59C2619C6B20056FB95 /* Assets.xcassets */ = {isa = PBXFileReference; lastKnownFileType = folder.assetcatalog; path = Assets.xcassets; sourceTree = "<group>"; };
		6B7BB59F2619C6B20056FB95 /* Base */ = {isa = PBXFileReference; lastKnownFileType = file.storyboard; name = Base; path = Base.lproj/LaunchScreen.storyboard; sourceTree = "<group>"; };
		6B7BB5A12619C6B20056FB95 /* Info.plist */ = {isa = PBXFileReference; lastKnownFileType = text.plist.xml; path = Info.plist; sourceTree = "<group>"; };
		6B7BB5A62619C6B20056FB95 /* CICIDTestTests.xctest */ = {isa = PBXFileReference; explicitFileType = wrapper.cfbundle; includeInIndex = 0; path = CICIDTestTests.xctest; sourceTree = BUILT_PRODUCTS_DIR; };
		6B7BB5AA2619C6B20056FB95 /* CICIDTestTests.swift */ = {isa = PBXFileReference; lastKnownFileType = sourcecode.swift; path = CICIDTestTests.swift; sourceTree = "<group>"; };
		6B7BB5AC2619C6B20056FB95 /* Info.plist */ = {isa = PBXFileReference; lastKnownFileType = text.plist.xml; path = Info.plist; sourceTree = "<group>"; };
		6B7BB5B12619C6B20056FB95 /* CICIDTestUITests.xctest */ = {isa = PBXFileReference; explicitFileType = wrapper.cfbundle; includeInIndex = 0; path = CICIDTestUITests.xctest; sourceTree = BUILT_PRODUCTS_DIR; };
		6B7BB5B52619C6B20056FB95 /* CICIDTestUITests.swift */ = {isa = PBXFileReference; lastKnownFileType = sourcecode.swift; path = CICIDTestUITests.swift; sourceTree = "<group>"; };
		6B7BB5B72619C6B20056FB95 /* Info.plist */ = {isa = PBXFileReference; lastKnownFileType = text.plist.xml; path = Info.plist; sourceTree = "<group>"; };
/* End PBXFileReference section */

/* Begin PBXFrameworksBuildPhase section */
		6B7BB58D2619C6AF0056FB95 /* Frameworks */ = {
			isa = PBXFrameworksBuildPhase;
			buildActionMask = 2147483647;
			files = (
			);
			runOnlyForDeploymentPostprocessing = 0;
		};
		6B7BB5A32619C6B20056FB95 /* Frameworks */ = {
			isa = PBXFrameworksBuildPhase;
			buildActionMask = 2147483647;
			files = (
			);
			runOnlyForDeploymentPostprocessing = 0;
		};
		6B7BB5AE2619C6B20056FB95 /* Frameworks */ = {
			isa = PBXFrameworksBuildPhase;
			buildActionMask = 2147483647;
			files = (
			);
			runOnlyForDeploymentPostprocessing = 0;
		};
/* End PBXFrameworksBuildPhase section */

/* Begin PBXGroup section */
		6B7BB5872619C6AF0056FB95 = {
			isa = PBXGroup;
			children = (
				6B7BB5922619C6AF0056FB95 /* CICIDTest */,
				6B7BB5A92619C6B20056FB95 /* CICIDTestTests */,
				6B7BB5B42619C6B20056FB95 /* CICIDTestUITests */,
				6B7BB5912619C6AF0056FB95 /* Products */,
			);
			sourceTree = "<group>";
		};
		6B7BB5912619C6AF0056FB95 /* Products */ = {
			isa = PBXGroup;
			children = (
				6B7BB5902619C6AF0056FB95 /* CICIDTest.app */,
				6B7BB5A62619C6B20056FB95 /* CICIDTestTests.xctest */,
				6B7BB5B12619C6B20056FB95 /* CICIDTestUITests.xctest */,
			);
			name = Products;
			sourceTree = "<group>";
		};
		6B7BB5922619C6AF0056FB95 /* CICIDTest */ = {
			isa = PBXGroup;
			children = (
				6B7BB5932619C6AF0056FB95 /* AppDelegate.swift */,
				6B7BB5952619C6AF0056FB95 /* SceneDelegate.swift */,
				6B7BB5972619C6AF0056FB95 /* ViewController.swift */,
				6B7BB5992619C6AF0056FB95 /* Main.storyboard */,
				6B7BB59C2619C6B20056FB95 /* Assets.xcassets */,
				6B7BB59E2619C6B20056FB95 /* LaunchScreen.storyboard */,
				6B7BB5A12619C6B20056FB95 /* Info.plist */,
			);
			path = CICIDTest;
			sourceTree = "<group>";
		};
		6B7BB5A92619C6B20056FB95 /* CICIDTestTests */ = {
			isa = PBXGroup;
			children = (
				6B7BB5AA2619C6B20056FB95 /* CICIDTestTests.swift */,
				6B7BB5AC2619C6B20056FB95 /* Info.plist */,
			);
			path = CICIDTestTests;
			sourceTree = "<group>";
		};
		6B7BB5B42619C6B20056FB95 /* CICIDTestUITests */ = {
			isa = PBXGroup;
			children = (
				6B7BB5B52619C6B20056FB95 /* CICIDTestUITests.swift */,
				6B7BB5B72619C6B20056FB95 /* Info.plist */,
			);
			path = CICIDTestUITests;
			sourceTree = "<group>";
		};
/* End PBXGroup section */

/* Begin PBXNativeTarget section */
		6B7BB58F2619C6AF0056FB95 /* CICIDTest */ = {
			isa = PBXNativeTarget;
			buildConfigurationList = 6B7BB5BA2619C6B20056FB95 /* Build configuration list for PBXNativeTarget "CICIDTest" */;
			buildPhases = (
				6B7BB58C2619C6AF0056FB95 /* Sources */,
				6B7BB58D2619C6AF0056FB95 /* Frameworks */,
				6B7BB58E2619C6AF0056FB95 /* Resources */,
			);
			buildRules = (
			);
			dependencies = (
			);
			name = CICIDTest;
			productName = CICIDTest;
			productReference = 6B7BB5902619C6AF0056FB95 /* CICIDTest.app */;
			productType = "com.apple.product-type.application";
		};
		6B7BB5A52619C6B20056FB95 /* CICIDTestTests */ = {
			isa = PBXNativeTarget;
			buildConfigurationList = 6B7BB5BD2619C6B20056FB95 /* Build configuration list for PBXNativeTarget "CICIDTestTests" */;
			buildPhases = (
				6B7BB5A22619C6B20056FB95 /* Sources */,
				6B7BB5A32619C6B20056FB95 /* Frameworks */,
				6B7BB5A42619C6B20056FB95 /* Resources */,
			);
			buildRules = (
			);
			dependencies = (
				6B7BB5A82619C6B20056FB95 /* PBXTargetDependency */,
			);
			name = CICIDTestTests;
			productName = CICIDTestTests;
			productReference = 6B7BB5A62619C6B20056FB95 /* CICIDTestTests.xctest */;
			productType = "com.apple.product-type.bundle.unit-test";
		};
		6B7BB5B02619C6B20056FB95 /* CICIDTestUITests */ = {
			isa = PBXNativeTarget;
			buildConfigurationList = 6B7BB5C02619C6B20056FB95 /* Build configuration list for PBXNativeTarget "CICIDTestUITests" */;
			buildPhases = (
				6B7BB5AD2619C6B20056FB95 /* Sources */,
				6B7BB5AE2619C6B20056FB95 /* Frameworks */,
				6B7BB5AF2619C6B20056FB95 /* Resources */,
			);
			buildRules = (
			);
			dependencies = (
				6B7BB5B32619C6B20056FB95 /* PBXTargetDependency */,
			);
			name = CICIDTestUITests;
			productName = CICIDTestUITests;
			productReference = 6B7BB5B12619C6B20056FB95 /* CICIDTestUITests.xctest */;
			productType = "com.apple.product-type.bundle.ui-testing";
		};
/* End PBXNativeTarget section */

/* Begin PBXProject section */
		6B7BB5882619C6AF0056FB95 /* Project object */ = {
			isa = PBXProject;
			attributes = {
				LastSwiftUpdateCheck = 1230;
				LastUpgradeCheck = 1230;
				TargetAttributes = {
					6B7BB58F2619C6AF0056FB95 = {
						CreatedOnToolsVersion = 12.3;
					};
					6B7BB5A52619C6B20056FB95 = {
						CreatedOnToolsVersion = 12.3;
						TestTargetID = 6B7BB58F2619C6AF0056FB95;
					};
					6B7BB5B02619C6B20056FB95 = {
						CreatedOnToolsVersion = 12.3;
						TestTargetID = 6B7BB58F2619C6AF0056FB95;
					};
				};
			};
			buildConfigurationList = 6B7BB58B2619C6AF0056FB95 /* Build configuration list for PBXProject "CICIDTest" */;
			compatibilityVersion = "Xcode 9.3";
			developmentRegion = en;
			hasScannedForEncodings = 0;
			knownRegions = (
				en,
				Base,
			);
			mainGroup = 6B7BB5872619C6AF0056FB95;
			productRefGroup = 6B7BB5912619C6AF0056FB95 /* Products */;
			projectDirPath = "";
			projectRoot = "";
			targets = (
				6B7BB58F2619C6AF0056FB95 /* CICIDTest */,
				6B7BB5A52619C6B20056FB95 /* CICIDTestTests */,
				6B7BB5B02619C6B20056FB95 /* CICIDTestUITests */,
			);
		};
/* End PBXProject section */

/* Begin PBXResourcesBuildPhase section */
		6B7BB58E2619C6AF0056FB95 /* Resources */ = {
			isa = PBXResourcesBuildPhase;
			buildActionMask = 2147483647;
			files = (
				6B7BB5A02619C6B20056FB95 /* LaunchScreen.storyboard in Resources */,
				6B7BB59D2619C6B20056FB95 /* Assets.xcassets in Resources */,
				6B7BB59B2619C6AF0056FB95 /* Main.storyboard in Resources */,
			);
			runOnlyForDeploymentPostprocessing = 0;
		};
		6B7BB5A42619C6B20056FB95 /* Resources */ = {
			isa = PBXResourcesBuildPhase;
			buildActionMask = 2147483647;
			files = (
			);
			runOnlyForDeploymentPostprocessing = 0;
		};
		6B7BB5AF2619C6B20056FB95 /* Resources */ = {
			isa = PBXResourcesBuildPhase;
			buildActionMask = 2147483647;
			files = (
			);
			runOnlyForDeploymentPostprocessing = 0;
		};
/* End PBXResourcesBuildPhase section */

/* Begin PBXSourcesBuildPhase section */
		6B7BB58C2619C6AF0056FB95 /* Sources */ = {
			isa = PBXSourcesBuildPhase;
			buildActionMask = 2147483647;
			files = (
				6B7BB5982619C6AF0056FB95 /* ViewController.swift in Sources */,
				6B7BB5942619C6AF0056FB95 /* AppDelegate.swift in Sources */,
				6B7BB5962619C6AF0056FB95 /* SceneDelegate.swift in Sources */,
			);
			runOnlyForDeploymentPostprocessing = 0;
		};
		6B7BB5A22619C6B20056FB95 /* Sources */ = {
			isa = PBXSourcesBuildPhase;
			buildActionMask = 2147483647;
			files = (
				6B7BB5AB2619C6B20056FB95 /* CICIDTestTests.swift in Sources */,
			);
			runOnlyForDeploymentPostprocessing = 0;
		};
		6B7BB5AD2619C6B20056FB95 /* Sources */ = {
			isa = PBXSourcesBuildPhase;
			buildActionMask = 2147483647;
			files = (
				6B7BB5B62619C6B20056FB95 /* CICIDTestUITests.swift in Sources */,
			);
			runOnlyForDeploymentPostprocessing = 0;
		};
/* End PBXSourcesBuildPhase section */

/* Begin PBXTargetDependency section */
		6B7BB5A82619C6B20056FB95 /* PBXTargetDependency */ = {
			isa = PBXTargetDependency;
			target = 6B7BB58F2619C6AF0056FB95 /* CICIDTest */;
			targetProxy = 6B7BB5A72619C6B20056FB95 /* PBXContainerItemProxy */;
		};
		6B7BB5B32619C6B20056FB95 /* PBXTargetDependency */ = {
			isa = PBXTargetDependency;
			target = 6B7BB58F2619C6AF0056FB95 /* CICIDTest */;
			targetProxy = 6B7BB5B22619C6B20056FB95 /* PBXContainerItemProxy */;
		};
/* End PBXTargetDependency section */

/* Begin PBXVariantGroup section */
		6B7BB5992619C6AF0056FB95 /* Main.storyboard */ = {
			isa = PBXVariantGroup;
			children = (
				6B7BB59A2619C6AF0056FB95 /* Base */,
			);
			name = Main.storyboard;
			sourceTree = "<group>";
		};
		6B7BB59E2619C6B20056FB95 /* LaunchScreen.storyboard */ = {
			isa = PBXVariantGroup;
			children = (
				6B7BB59F2619C6B20056FB95 /* Base */,
			);
			name = LaunchScreen.storyboard;
			sourceTree = "<group>";
		};
/* End PBXVariantGroup section */

/* Begin XCBuildConfiguration section */
		6B7BB5B82619C6B20056FB95 /* Debug */ = {
			isa = XCBuildConfiguration;
			buildSettings = {
				ALWAYS_SEARCH_USER_PATHS = NO;
				CLANG_ANALYZER_NONNULL = YES;
				CLANG_ANALYZER_NUMBER_OBJECT_CONVERSION = YES_AGGRESSIVE;
				CLANG_CXX_LANGUAGE_STANDARD = "gnu++14";
				CLANG_CXX_LIBRARY = "libc++";
				CLANG_ENABLE_MODULES = YES;
				CLANG_ENABLE_OBJC_ARC = YES;
				CLANG_ENABLE_OBJC_WEAK = YES;
				CLANG_WARN_BLOCK_CAPTURE_AUTORELEASING = YES;
				CLANG_WARN_BOOL_CONVERSION = YES;
				CLANG_WARN_COMMA = YES;
				CLANG_WARN_CONSTANT_CONVERSION = YES;
				CLANG_WARN_DEPRECATED_OBJC_IMPLEMENTATIONS = YES;
				CLANG_WARN_DIRECT_OBJC_ISA_USAGE = YES_ERROR;
				CLANG_WARN_DOCUMENTATION_COMMENTS = YES;
				CLANG_WARN_EMPTY_BODY = YES;
				CLANG_WARN_ENUM_CONVERSION = YES;
				CLANG_WARN_INFINITE_RECURSION = YES;
				CLANG_WARN_INT_CONVERSION = YES;
				CLANG_WARN_NON_LITERAL_NULL_CONVERSION = YES;
				CLANG_WARN_OBJC_IMPLICIT_RETAIN_SELF = YES;
				CLANG_WARN_OBJC_LITERAL_CONVERSION = YES;
				CLANG_WARN_OBJC_ROOT_CLASS = YES_ERROR;
				CLANG_WARN_QUOTED_INCLUDE_IN_FRAMEWORK_HEADER = YES;
				CLANG_WARN_RANGE_LOOP_ANALYSIS = YES;
				CLANG_WARN_STRICT_PROTOTYPES = YES;
				CLANG_WARN_SUSPICIOUS_MOVE = YES;
				CLANG_WARN_UNGUARDED_AVAILABILITY = YES_AGGRESSIVE;
				CLANG_WARN_UNREACHABLE_CODE = YES;
				CLANG_WARN__DUPLICATE_METHOD_MATCH = YES;
				COPY_PHASE_STRIP = NO;
				DEBUG_INFORMATION_FORMAT = dwarf;
				ENABLE_STRICT_OBJC_MSGSEND = YES;
				ENABLE_TESTABILITY = YES;
				GCC_C_LANGUAGE_STANDARD = gnu11;
				GCC_DYNAMIC_NO_PIC = NO;
				GCC_NO_COMMON_BLOCKS = YES;
				GCC_OPTIMIZATION_LEVEL = 0;
				GCC_PREPROCESSOR_DEFINITIONS = (
					"DEBUG=1",
					"$(inherited)",
				);
				GCC_WARN_64_TO_32_BIT_CONVERSION = YES;
				GCC_WARN_ABOUT_RETURN_TYPE = YES_ERROR;
				GCC_WARN_UNDECLARED_SELECTOR = YES;
				GCC_WARN_UNINITIALIZED_AUTOS = YES_AGGRESSIVE;
				GCC_WARN_UNUSED_FUNCTION = YES;
				GCC_WARN_UNUSED_VARIABLE = YES;
				IPHONEOS_DEPLOYMENT_TARGET = 14.3;
				MTL_ENABLE_DEBUG_INFO = INCLUDE_SOURCE;
				MTL_FAST_MATH = YES;
				ONLY_ACTIVE_ARCH = YES;
				SDKROOT = iphoneos;
				SWIFT_ACTIVE_COMPILATION_CONDITIONS = DEBUG;
				SWIFT_OPTIMIZATION_LEVEL = "-Onone";
			};
			name = Debug;
		};
		6B7BB5B92619C6B20056FB95 /* Release */ = {
			isa = XCBuildConfiguration;
			buildSettings = {
				ALWAYS_SEARCH_USER_PATHS = NO;
				CLANG_ANALYZER_NONNULL = YES;
				CLANG_ANALYZER_NUMBER_OBJECT_CONVERSION = YES_AGGRESSIVE;
				CLANG_CXX_LANGUAGE_STANDARD = "gnu++14";
				CLANG_CXX_LIBRARY = "libc++";
				CLANG_ENABLE_MODULES = YES;
				CLANG_ENABLE_OBJC_ARC = YES;
				CLANG_ENABLE_OBJC_WEAK = YES;
				CLANG_WARN_BLOCK_CAPTURE_AUTORELEASING = YES;
				CLANG_WARN_BOOL_CONVERSION = YES;
				CLANG_WARN_COMMA = YES;
				CLANG_WARN_CONSTANT_CONVERSION = YES;
				CLANG_WARN_DEPRECATED_OBJC_IMPLEMENTATIONS = YES;
				CLANG_WARN_DIRECT_OBJC_ISA_USAGE = YES_ERROR;
				CLANG_WARN_DOCUMENTATION_COMMENTS = YES;
				CLANG_WARN_EMPTY_BODY = YES;
				CLANG_WARN_ENUM_CONVERSION = YES;
				CLANG_WARN_INFINITE_RECURSION = YES;
				CLANG_WARN_INT_CONVERSION = YES;
				CLANG_WARN_NON_LITERAL_NULL_CONVERSION = YES;
				CLANG_WARN_OBJC_IMPLICIT_RETAIN_SELF = YES;
				CLANG_WARN_OBJC_LITERAL_CONVERSION = YES;
				CLANG_WARN_OBJC_ROOT_CLASS = YES_ERROR;
				CLANG_WARN_QUOTED_INCLUDE_IN_FRAMEWORK_HEADER = YES;
				CLANG_WARN_RANGE_LOOP_ANALYSIS = YES;
				CLANG_WARN_STRICT_PROTOTYPES = YES;
				CLANG_WARN_SUSPICIOUS_MOVE = YES;
				CLANG_WARN_UNGUARDED_AVAILABILITY = YES_AGGRESSIVE;
				CLANG_WARN_UNREACHABLE_CODE = YES;
				CLANG_WARN__DUPLICATE_METHOD_MATCH = YES;
				COPY_PHASE_STRIP = NO;
				DEBUG_INFORMATION_FORMAT = "dwarf-with-dsym";
				ENABLE_NS_ASSERTIONS = NO;
				ENABLE_STRICT_OBJC_MSGSEND = YES;
				GCC_C_LANGUAGE_STANDARD = gnu11;
				GCC_NO_COMMON_BLOCKS = YES;
				GCC_WARN_64_TO_32_BIT_CONVERSION = YES;
				GCC_WARN_ABOUT_RETURN_TYPE = YES_ERROR;
				GCC_WARN_UNDECLARED_SELECTOR = YES;
				GCC_WARN_UNINITIALIZED_AUTOS = YES_AGGRESSIVE;
				GCC_WARN_UNUSED_FUNCTION = YES;
				GCC_WARN_UNUSED_VARIABLE = YES;
				IPHONEOS_DEPLOYMENT_TARGET = 14.3;
				MTL_ENABLE_DEBUG_INFO = NO;
				MTL_FAST_MATH = YES;
				SDKROOT = iphoneos;
				SWIFT_COMPILATION_MODE = wholemodule;
				SWIFT_OPTIMIZATION_LEVEL = "-O";
				VALIDATE_PRODUCT = YES;
			};
			name = Release;
		};
		6B7BB5BB2619C6B20056FB95 /* Debug */ = {
			isa = XCBuildConfiguration;
			buildSettings = {
				ASSETCATALOG_COMPILER_APPICON_NAME = AppIcon;
				ASSETCATALOG_COMPILER_GLOBAL_ACCENT_COLOR_NAME = AccentColor;
				CODE_SIGN_STYLE = Automatic;
				INFOPLIST_FILE = CICIDTest/Info.plist;
				LD_RUNPATH_SEARCH_PATHS = (
					"$(inherited)",
					"@executable_path/Frameworks",
				);
				PRODUCT_BUNDLE_IDENTIFIER = com.raksys.CICIDTest;
				PRODUCT_NAME = "$(TARGET_NAME)";
				SWIFT_VERSION = 5.0;
				TARGETED_DEVICE_FAMILY = "1,2";
			};
			name = Debug;
		};
		6B7BB5BC2619C6B20056FB95 /* Release */ = {
			isa = XCBuildConfiguration;
			buildSettings = {
				ASSETCATALOG_COMPILER_APPICON_NAME = AppIcon;
				ASSETCATALOG_COMPILER_GLOBAL_ACCENT_COLOR_NAME = AccentColor;
				CODE_SIGN_STYLE = Automatic;
				INFOPLIST_FILE = CICIDTest/Info.plist;
				LD_RUNPATH_SEARCH_PATHS = (
					"$(inherited)",
					"@executable_path/Frameworks",
				);
				PRODUCT_BUNDLE_IDENTIFIER = com.raksys.CICIDTest;
				PRODUCT_NAME = "$(TARGET_NAME)";
				SWIFT_VERSION = 5.0;
				TARGETED_DEVICE_FAMILY = "1,2";
			};
			name = Release;
		};
		6B7BB5BE2619C6B20056FB95 /* Debug */ = {
			isa = XCBuildConfiguration;
			buildSettings = {
				ALWAYS_EMBED_SWIFT_STANDARD_LIBRARIES = YES;
				BUNDLE_LOADER = "$(TEST_HOST)";
				CODE_SIGN_STYLE = Automatic;
				INFOPLIST_FILE = CICIDTestTests/Info.plist;
				IPHONEOS_DEPLOYMENT_TARGET = 14.3;
				LD_RUNPATH_SEARCH_PATHS = (
					"$(inherited)",
					"@executable_path/Frameworks",
					"@loader_path/Frameworks",
				);
				PRODUCT_BUNDLE_IDENTIFIER = com.raksys.CICIDTestTests;
				PRODUCT_NAME = "$(TARGET_NAME)";
				SWIFT_VERSION = 5.0;
				TARGETED_DEVICE_FAMILY = "1,2";
				TEST_HOST = "$(BUILT_PRODUCTS_DIR)/CICIDTest.app/CICIDTest";
			};
			name = Debug;
		};
		6B7BB5BF2619C6B20056FB95 /* Release */ = {
			isa = XCBuildConfiguration;
			buildSettings = {
				ALWAYS_EMBED_SWIFT_STANDARD_LIBRARIES = YES;
				BUNDLE_LOADER = "$(TEST_HOST)";
				CODE_SIGN_STYLE = Automatic;
				INFOPLIST_FILE = CICIDTestTests/Info.plist;
				IPHONEOS_DEPLOYMENT_TARGET = 14.3;
				LD_RUNPATH_SEARCH_PATHS = (
					"$(inherited)",
					"@executable_path/Frameworks",
					"@loader_path/Frameworks",
				);
				PRODUCT_BUNDLE_IDENTIFIER = com.raksys.CICIDTestTests;
				PRODUCT_NAME = "$(TARGET_NAME)";
				SWIFT_VERSION = 5.0;
				TARGETED_DEVICE_FAMILY = "1,2";
				TEST_HOST = "$(BUILT_PRODUCTS_DIR)/CICIDTest.app/CICIDTest";
			};
			name = Release;
		};
		6B7BB5C12619C6B20056FB95 /* Debug */ = {
			isa = XCBuildConfiguration;
			buildSettings = {
				ALWAYS_EMBED_SWIFT_STANDARD_LIBRARIES = YES;
				CODE_SIGN_STYLE = Automatic;
				INFOPLIST_FILE = CICIDTestUITests/Info.plist;
				LD_RUNPATH_SEARCH_PATHS = (
					"$(inherited)",
					"@executable_path/Frameworks",
					"@loader_path/Frameworks",
				);
				PRODUCT_BUNDLE_IDENTIFIER = com.raksys.CICIDTestUITests;
				PRODUCT_NAME = "$(TARGET_NAME)";
				SWIFT_VERSION = 5.0;
				TARGETED_DEVICE_FAMILY = "1,2";
				TEST_TARGET_NAME = CICIDTest;
			};
			name = Debug;
		};
		6B7BB5C22619C6B20056FB95 /* Release */ = {
			isa = XCBuildConfiguration;
			buildSettings = {
				ALWAYS_EMBED_SWIFT_STANDARD_LIBRARIES = YES;
				CODE_SIGN_STYLE = Automatic;
				INFOPLIST_FILE = CICIDTestUITests/Info.plist;
				LD_RUNPATH_SEARCH_PATHS = (
					"$(inherited)",
					"@executable_path/Frameworks",
					"@loader_path/Frameworks",
				);
				PRODUCT_BUNDLE_IDENTIFIER = com.raksys.CICIDTestUITests;
				PRODUCT_NAME = "$(TARGET_NAME)";
				SWIFT_VERSION = 5.0;
				TARGETED_DEVICE_FAMILY = "1,2";
				TEST_TARGET_NAME = CICIDTest;
			};
			name = Release;
		};
/* End XCBuildConfiguration section */

/* Begin XCConfigurationList section */
		6B7BB58B2619C6AF0056FB95 /* Build configuration list for PBXProject "CICIDTest" */ = {
			isa = XCConfigurationList;
			buildConfigurations = (
				6B7BB5B82619C6B20056FB95 /* Debug */,
				6B7BB5B92619C6B20056FB95 /* Release */,
			);
			defaultConfigurationIsVisible = 0;
			defaultConfigurationName = Release;
		};
		6B7BB5BA2619C6B20056FB95 /* Build configuration list for PBXNativeTarget "CICIDTest" */ = {
			isa = XCConfigurationList;
			buildConfigurations = (
				6B7BB5BB2619C6B20056FB95 /* Debug */,
				6B7BB5BC2619C6B20056FB95 /* Release */,
			);
			defaultConfigurationIsVisible = 0;
			defaultConfigurationName = Release;
		};
		6B7BB5BD2619C6B20056FB95 /* Build configuration list for PBXNativeTarget "CICIDTestTests" */ = {
			isa = XCConfigurationList;
			buildConfigurations = (
				6B7BB5BE2619C6B20056FB95 /* Debug */,
				6B7BB5BF2619C6B20056FB95 /* Release */,
			);
			defaultConfigurationIsVisible = 0;
			defaultConfigurationName = Release;
		};
		6B7BB5C02619C6B20056FB95 /* Build configuration list for PBXNativeTarget "CICIDTestUITests" */ = {
			isa = XCConfigurationList;
			buildConfigurations = (
				6B7BB5C12619C6B20056FB95 /* Debug */,
				6B7BB5C22619C6B20056FB95 /* Release */,
			);
			defaultConfigurationIsVisible = 0;
			defaultConfigurationName = Release;
		};
/* End XCConfigurationList section */
	};
	rootObject = 6B7BB5882619C6AF0056FB95 /* Project object */;
}
